{
  "requires": true,
  "lockfileVersion": 1,
  "dependencies": {
    "camelcase": {
      "version": "4.1.0",
      "resolved": "https://registry.npmjs.org/camelcase/-/camelcase-4.1.0.tgz",
      "integrity": "sha1-1UVjW+HjPFQmScaRc+Xeas+uNN0="
    },
    "infobox-parser": {
      "version": "3.4.1",
      "resolved": "https://registry.npmjs.org/infobox-parser/-/infobox-parser-3.4.1.tgz",
      "integrity": "sha512-TjpQoCcCs1oO2+8NW9JO/8Fk1r5PbKnifyCCcchNBNi5+FCgO1ZDmIi/SIDE+B4p+b5ItgyCSHjI/BMSDtZvOA==",
      "requires": {
        "camelcase": "^4.1.0"
      }
    },
    "node-fetch": {
      "version": "2.6.1",
      "resolved": "https://registry.npmjs.org/node-fetch/-/node-fetch-2.6.1.tgz",
      "integrity": "sha512-V4aYg89jEoVRxRb2fJdAg8FHvI7cEyYdVAh94HH0UIK8oJxUfkjlDQN9RbMx+bEjP7+ggMiFRprSti032Oipxw=="
    },
    "wikipedia": {
      "version": "1.1.0",
      "resolved": "https://registry.npmjs.org/wikipedia/-/wikipedia-1.1.0.tgz",
      "integrity": "sha512-uAPRN4EaROjaWVFUkvbTDRzhRgBPgTmrS0BrVmi0Xb+go2pXzolbUeJREKUUvtKg8YArYOdScBK+COTHbPih8Q==",
      "requires": {
        "infobox-parser": "^3.4.1",
        "node-fetch": "^2.6.1"
      }
    }
  }
}
